// !$*UTF8*$!
{
	archiveVersion = 1;
	classes = {
	};
	objectVersion = 46;
	objects = {

/* Begin PBXBuildFile section */
		50C1A6A019267C3400525552 /* UIImage+OpenCV.mm in Sources */ = {isa = PBXBuildFile; fileRef = 50C1A69F19267C3400525552 /* UIImage+OpenCV.mm */; };
		50C403E319250FA00099FAFD /* Foundation.framework in Frameworks */ = {isa = PBXBuildFile; fileRef = 50C403E219250FA00099FAFD /* Foundation.framework */; };
		50C403E519250FA00099FAFD /* CoreGraphics.framework in Frameworks */ = {isa = PBXBuildFile; fileRef = 50C403E419250FA00099FAFD /* CoreGraphics.framework */; };
		50C403E719250FA00099FAFD /* UIKit.framework in Frameworks */ = {isa = PBXBuildFile; fileRef = 50C403E619250FA00099FAFD /* UIKit.framework */; };
		50C403EF19250FA00099FAFD /* main.m in Sources */ = {isa = PBXBuildFile; fileRef = 50C403EE19250FA00099FAFD /* main.m */; };
		50C403F319250FA00099FAFD /* EasyLifeAppDelegate.m in Sources */ = {isa = PBXBuildFile; fileRef = 50C403F219250FA00099FAFD /* EasyLifeAppDelegate.m */; };
		50C403FC19250FA00099FAFD /* XCTest.framework in Frameworks */ = {isa = PBXBuildFile; fileRef = 50C403FB19250FA00099FAFD /* XCTest.framework */; };
		50C403FD19250FA00099FAFD /* Foundation.framework in Frameworks */ = {isa = PBXBuildFile; fileRef = 50C403E219250FA00099FAFD /* Foundation.framework */; };
		50C403FE19250FA00099FAFD /* UIKit.framework in Frameworks */ = {isa = PBXBuildFile; fileRef = 50C403E619250FA00099FAFD /* UIKit.framework */; };
		50C4040819250FA00099FAFD /* EasyLifeTests.m in Sources */ = {isa = PBXBuildFile; fileRef = 50C4040719250FA00099FAFD /* EasyLifeTests.m */; };
		50C4041C192511210099FAFD /* Record+Annotation.m in Sources */ = {isa = PBXBuildFile; fileRef = 50C40419192511210099FAFD /* Record+Annotation.m */; };
		50C4041D192511210099FAFD /* Xpence.xcdatamodel in Sources */ = {isa = PBXBuildFile; fileRef = 50C4041A192511210099FAFD /* Xpence.xcdatamodel */; };
		50C4042C192511540099FAFD /* TipsCalViewController.mm in Sources */ = {isa = PBXBuildFile; fileRef = 50C40421192511540099FAFD /* TipsCalViewController.mm */; };
		50C4042D192511540099FAFD /* TipsResultViewController.m in Sources */ = {isa = PBXBuildFile; fileRef = 50C40423192511540099FAFD /* TipsResultViewController.m */; };
		50C4042E192511540099FAFD /* SharedResultViewController.m in Sources */ = {isa = PBXBuildFile; fileRef = 50C40425192511540099FAFD /* SharedResultViewController.m */; };
		50C4042F192511540099FAFD /* RecordViewController.m in Sources */ = {isa = PBXBuildFile; fileRef = 50C40427192511540099FAFD /* RecordViewController.m */; };
		50C40430192511540099FAFD /* SingleRecordMapViewController.m in Sources */ = {isa = PBXBuildFile; fileRef = 50C40429192511540099FAFD /* SingleRecordMapViewController.m */; };
		50C40431192511540099FAFD /* RecordMapViewController.m in Sources */ = {isa = PBXBuildFile; fileRef = 50C4042B192511540099FAFD /* RecordMapViewController.m */; };
		50C40433192511A40099FAFD /* TesseractOCR.framework in Frameworks */ = {isa = PBXBuildFile; fileRef = 50C40432192511A40099FAFD /* TesseractOCR.framework */; };
		50C40435192511AC0099FAFD /* opencv2.framework in Frameworks */ = {isa = PBXBuildFile; fileRef = 50C40434192511AC0099FAFD /* opencv2.framework */; };
		50C4043A192514C40099FAFD /* CoreLocation.framework in Frameworks */ = {isa = PBXBuildFile; fileRef = 50C40439192514C40099FAFD /* CoreLocation.framework */; };
		50C4043C192514E40099FAFD /* MapKit.framework in Frameworks */ = {isa = PBXBuildFile; fileRef = 50C4043B192514E40099FAFD /* MapKit.framework */; };
		50C4043E192514EA0099FAFD /* libstdc++.6.0.9.dylib in Frameworks */ = {isa = PBXBuildFile; fileRef = 50C4043D192514EA0099FAFD /* libstdc++.6.0.9.dylib */; };
		50C4043F192518520099FAFD /* iPhone.storyboard in Resources */ = {isa = PBXBuildFile; fileRef = 50C40414192510B00099FAFD /* iPhone.storyboard */; };
		50C40441192518810099FAFD /* tessdata in Resources */ = {isa = PBXBuildFile; fileRef = 50C4041E192511400099FAFD /* tessdata */; };
		50C40442192518890099FAFD /* Images.xcassets in Resources */ = {isa = PBXBuildFile; fileRef = 50C403F419250FA00099FAFD /* Images.xcassets */; };
		50C404431925188F0099FAFD /* InfoPlist.strings in Resources */ = {isa = PBXBuildFile; fileRef = 50C403EB19250FA00099FAFD /* InfoPlist.strings */; };
		50EB007F1952EEA7009C346D /* DividerViewController.m in Sources */ = {isa = PBXBuildFile; fileRef = 50EB007E1952EEA7009C346D /* DividerViewController.m */; };
		50EB008219541F7D009C346D /* Record.m in Sources */ = {isa = PBXBuildFile; fileRef = 50EB008119541F7D009C346D /* Record.m */; };
		50EB008519555FFE009C346D /* UIColor+MLPFlatColors.m in Sources */ = {isa = PBXBuildFile; fileRef = 50EB008419555FFE009C346D /* UIColor+MLPFlatColors.m */; };
		50EB008619555FFE009C346D /* UIColor+MLPFlatColors.m in Sources */ = {isa = PBXBuildFile; fileRef = 50EB008419555FFE009C346D /* UIColor+MLPFlatColors.m */; };
/* End PBXBuildFile section */

/* Begin PBXContainerItemProxy section */
		50C403FF19250FA00099FAFD /* PBXContainerItemProxy */ = {
			isa = PBXContainerItemProxy;
			containerPortal = 50C403D719250FA00099FAFD /* Project object */;
			proxyType = 1;
			remoteGlobalIDString = 50C403DE19250FA00099FAFD;
			remoteInfo = EasyLife;
		};
/* End PBXContainerItemProxy section */

/* Begin PBXFileReference section */
		50C1A69E19267C3400525552 /* UIImage+OpenCV.h */ = {isa = PBXFileReference; fileEncoding = 4; lastKnownFileType = sourcecode.c.h; path = "UIImage+OpenCV.h"; sourceTree = "<group>"; };
		50C1A69F19267C3400525552 /* UIImage+OpenCV.mm */ = {isa = PBXFileReference; fileEncoding = 4; lastKnownFileType = sourcecode.cpp.objcpp; path = "UIImage+OpenCV.mm"; sourceTree = "<group>"; };
		50C403DF19250FA00099FAFD /* EasyLife.app */ = {isa = PBXFileReference; explicitFileType = wrapper.application; includeInIndex = 0; path = EasyLife.app; sourceTree = BUILT_PRODUCTS_DIR; };
		50C403E219250FA00099FAFD /* Foundation.framework */ = {isa = PBXFileReference; lastKnownFileType = wrapper.framework; name = Foundation.framework; path = System/Library/Frameworks/Foundation.framework; sourceTree = SDKROOT; };
		50C403E419250FA00099FAFD /* CoreGraphics.framework */ = {isa = PBXFileReference; lastKnownFileType = wrapper.framework; name = CoreGraphics.framework; path = System/Library/Frameworks/CoreGraphics.framework; sourceTree = SDKROOT; };
		50C403E619250FA00099FAFD /* UIKit.framework */ = {isa = PBXFileReference; lastKnownFileType = wrapper.framework; name = UIKit.framework; path = System/Library/Frameworks/UIKit.framework; sourceTree = SDKROOT; };
		50C403EA19250FA00099FAFD /* EasyLife-Info.plist */ = {isa = PBXFileReference; lastKnownFileType = text.plist.xml; path = "EasyLife-Info.plist"; sourceTree = "<group>"; };
		50C403EC19250FA00099FAFD /* en */ = {isa = PBXFileReference; lastKnownFileType = text.plist.strings; name = en; path = en.lproj/InfoPlist.strings; sourceTree = "<group>"; };
		50C403EE19250FA00099FAFD /* main.m */ = {isa = PBXFileReference; lastKnownFileType = sourcecode.c.objc; path = main.m; sourceTree = "<group>"; };
		50C403F019250FA00099FAFD /* EasyLife-Prefix.pch */ = {isa = PBXFileReference; lastKnownFileType = sourcecode.c.h; path = "EasyLife-Prefix.pch"; sourceTree = "<group>"; };
		50C403F119250FA00099FAFD /* EasyLifeAppDelegate.h */ = {isa = PBXFileReference; lastKnownFileType = sourcecode.c.h; path = EasyLifeAppDelegate.h; sourceTree = "<group>"; };
		50C403F219250FA00099FAFD /* EasyLifeAppDelegate.m */ = {isa = PBXFileReference; lastKnownFileType = sourcecode.c.objc; path = EasyLifeAppDelegate.m; sourceTree = "<group>"; };
		50C403F419250FA00099FAFD /* Images.xcassets */ = {isa = PBXFileReference; lastKnownFileType = folder.assetcatalog; path = Images.xcassets; sourceTree = "<group>"; };
		50C403FA19250FA00099FAFD /* EasyLifeTests.xctest */ = {isa = PBXFileReference; explicitFileType = wrapper.cfbundle; includeInIndex = 0; path = EasyLifeTests.xctest; sourceTree = BUILT_PRODUCTS_DIR; };
		50C403FB19250FA00099FAFD /* XCTest.framework */ = {isa = PBXFileReference; lastKnownFileType = wrapper.framework; name = XCTest.framework; path = Library/Frameworks/XCTest.framework; sourceTree = DEVELOPER_DIR; };
		50C4040319250FA00099FAFD /* EasyLifeTests-Info.plist */ = {isa = PBXFileReference; lastKnownFileType = text.plist.xml; path = "EasyLifeTests-Info.plist"; sourceTree = "<group>"; };
		50C4040519250FA00099FAFD /* en */ = {isa = PBXFileReference; lastKnownFileType = text.plist.strings; name = en; path = en.lproj/InfoPlist.strings; sourceTree = "<group>"; };
		50C4040719250FA00099FAFD /* EasyLifeTests.m */ = {isa = PBXFileReference; lastKnownFileType = sourcecode.c.objc; path = EasyLifeTests.m; sourceTree = "<group>"; };
		50C40414192510B00099FAFD /* iPhone.storyboard */ = {isa = PBXFileReference; fileEncoding = 4; lastKnownFileType = file.storyboard; path = iPhone.storyboard; sourceTree = "<group>"; };
		50C40418192511210099FAFD /* Record+Annotation.h */ = {isa = PBXFileReference; fileEncoding = 4; lastKnownFileType = sourcecode.c.h; path = "Record+Annotation.h"; sourceTree = "<group>"; };
		50C40419192511210099FAFD /* Record+Annotation.m */ = {isa = PBXFileReference; fileEncoding = 4; lastKnownFileType = sourcecode.c.objc; path = "Record+Annotation.m"; sourceTree = "<group>"; };
		50C4041A192511210099FAFD /* Xpence.xcdatamodel */ = {isa = PBXFileReference; lastKnownFileType = wrapper.xcdatamodel; path = Xpence.xcdatamodel; sourceTree = "<group>"; };
		50C4041E192511400099FAFD /* tessdata */ = {isa = PBXFileReference; lastKnownFileType = folder; path = tessdata; sourceTree = "<group>"; };
		50C40420192511540099FAFD /* TipsCalViewController.h */ = {isa = PBXFileReference; fileEncoding = 4; lastKnownFileType = sourcecode.c.h; path = TipsCalViewController.h; sourceTree = "<group>"; };
		50C40421192511540099FAFD /* TipsCalViewController.mm */ = {isa = PBXFileReference; fileEncoding = 4; lastKnownFileType = sourcecode.cpp.objcpp; path = TipsCalViewController.mm; sourceTree = "<group>"; };
		50C40422192511540099FAFD /* TipsResultViewController.h */ = {isa = PBXFileReference; fileEncoding = 4; lastKnownFileType = sourcecode.c.h; path = TipsResultViewController.h; sourceTree = "<group>"; };
		50C40423192511540099FAFD /* TipsResultViewController.m */ = {isa = PBXFileReference; fileEncoding = 4; lastKnownFileType = sourcecode.c.objc; path = TipsResultViewController.m; sourceTree = "<group>"; };
		50C40424192511540099FAFD /* SharedResultViewController.h */ = {isa = PBXFileReference; fileEncoding = 4; lastKnownFileType = sourcecode.c.h; path = SharedResultViewController.h; sourceTree = "<group>"; };
		50C40425192511540099FAFD /* SharedResultViewController.m */ = {isa = PBXFileReference; fileEncoding = 4; lastKnownFileType = sourcecode.c.objc; path = SharedResultViewController.m; sourceTree = "<group>"; };
		50C40426192511540099FAFD /* RecordViewController.h */ = {isa = PBXFileReference; fileEncoding = 4; lastKnownFileType = sourcecode.c.h; path = RecordViewController.h; sourceTree = "<group>"; };
		50C40427192511540099FAFD /* RecordViewController.m */ = {isa = PBXFileReference; fileEncoding = 4; lastKnownFileType = sourcecode.c.objc; path = RecordViewController.m; sourceTree = "<group>"; };
		50C40428192511540099FAFD /* SingleRecordMapViewController.h */ = {isa = PBXFileReference; fileEncoding = 4; lastKnownFileType = sourcecode.c.h; path = SingleRecordMapViewController.h; sourceTree = "<group>"; };
		50C40429192511540099FAFD /* SingleRecordMapViewController.m */ = {isa = PBXFileReference; fileEncoding = 4; lastKnownFileType = sourcecode.c.objc; path = SingleRecordMapViewController.m; sourceTree = "<group>"; };
		50C4042A192511540099FAFD /* RecordMapViewController.h */ = {isa = PBXFileReference; fileEncoding = 4; lastKnownFileType = sourcecode.c.h; path = RecordMapViewController.h; sourceTree = "<group>"; };
		50C4042B192511540099FAFD /* RecordMapViewController.m */ = {isa = PBXFileReference; fileEncoding = 4; lastKnownFileType = sourcecode.c.objc; path = RecordMapViewController.m; sourceTree = "<group>"; };
		50C40432192511A40099FAFD /* TesseractOCR.framework */ = {isa = PBXFileReference; lastKnownFileType = wrapper.framework; path = TesseractOCR.framework; sourceTree = "<group>"; };
		50C40434192511AC0099FAFD /* opencv2.framework */ = {isa = PBXFileReference; lastKnownFileType = wrapper.framework; path = opencv2.framework; sourceTree = "<group>"; };
		50C40436192511C50099FAFD /* DatabaseAvailability.h */ = {isa = PBXFileReference; fileEncoding = 4; lastKnownFileType = sourcecode.c.h; path = DatabaseAvailability.h; sourceTree = "<group>"; };
		50C40439192514C40099FAFD /* CoreLocation.framework */ = {isa = PBXFileReference; lastKnownFileType = wrapper.framework; name = CoreLocation.framework; path = System/Library/Frameworks/CoreLocation.framework; sourceTree = SDKROOT; };
		50C4043B192514E40099FAFD /* MapKit.framework */ = {isa = PBXFileReference; lastKnownFileType = wrapper.framework; name = MapKit.framework; path = System/Library/Frameworks/MapKit.framework; sourceTree = SDKROOT; };
		50C4043D192514EA0099FAFD /* libstdc++.6.0.9.dylib */ = {isa = PBXFileReference; lastKnownFileType = "compiled.mach-o.dylib"; name = "libstdc++.6.0.9.dylib"; path = "usr/lib/libstdc++.6.0.9.dylib"; sourceTree = SDKROOT; };
		50EB007D1952EEA7009C346D /* DividerViewController.h */ = {isa = PBXFileReference; fileEncoding = 4; lastKnownFileType = sourcecode.c.h; path = DividerViewController.h; sourceTree = "<group>"; };
		50EB007E1952EEA7009C346D /* DividerViewController.m */ = {isa = PBXFileReference; fileEncoding = 4; lastKnownFileType = sourcecode.c.objc; path = DividerViewController.m; sourceTree = "<group>"; };
		50EB008019541F7D009C346D /* Record.h */ = {isa = PBXFileReference; fileEncoding = 4; lastKnownFileType = sourcecode.c.h; path = Record.h; sourceTree = "<group>"; };
		50EB008119541F7D009C346D /* Record.m */ = {isa = PBXFileReference; fileEncoding = 4; lastKnownFileType = sourcecode.c.objc; path = Record.m; sourceTree = "<group>"; };
		50EB008319555FFE009C346D /* UIColor+MLPFlatColors.h */ = {isa = PBXFileReference; fileEncoding = 4; lastKnownFileType = sourcecode.c.h; path = "UIColor+MLPFlatColors.h"; sourceTree = "<group>"; };
		50EB008419555FFE009C346D /* UIColor+MLPFlatColors.m */ = {isa = PBXFileReference; fileEncoding = 4; lastKnownFileType = sourcecode.c.objc; path = "UIColor+MLPFlatColors.m"; sourceTree = "<group>"; };
/* End PBXFileReference section */

/* Begin PBXFrameworksBuildPhase section */
		50C403DC19250FA00099FAFD /* Frameworks */ = {
			isa = PBXFrameworksBuildPhase;
			buildActionMask = 2147483647;
			files = (
				50C403E519250FA00099FAFD /* CoreGraphics.framework in Frameworks */,
				50C4043E192514EA0099FAFD /* libstdc++.6.0.9.dylib in Frameworks */,
				50C4043C192514E40099FAFD /* MapKit.framework in Frameworks */,
				50C4043A192514C40099FAFD /* CoreLocation.framework in Frameworks */,
				50C40433192511A40099FAFD /* TesseractOCR.framework in Frameworks */,
				50C403E719250FA00099FAFD /* UIKit.framework in Frameworks */,
				50C40435192511AC0099FAFD /* opencv2.framework in Frameworks */,
				50C403E319250FA00099FAFD /* Foundation.framework in Frameworks */,
			);
			runOnlyForDeploymentPostprocessing = 0;
		};
		50C403F719250FA00099FAFD /* Frameworks */ = {
			isa = PBXFrameworksBuildPhase;
			buildActionMask = 2147483647;
			files = (
				50C403FC19250FA00099FAFD /* XCTest.framework in Frameworks */,
				50C403FE19250FA00099FAFD /* UIKit.framework in Frameworks */,
				50C403FD19250FA00099FAFD /* Foundation.framework in Frameworks */,
			);
			runOnlyForDeploymentPostprocessing = 0;
		};
/* End PBXFrameworksBuildPhase section */

/* Begin PBXGroup section */
		50C403D619250FA00099FAFD = {
			isa = PBXGroup;
			children = (
				50C403E819250FA00099FAFD /* EasyLife */,
				50C4040119250FA00099FAFD /* EasyLifeTests */,
				50C403E119250FA00099FAFD /* Frameworks */,
				50C403E019250FA00099FAFD /* Products */,
			);
			sourceTree = "<group>";
		};
		50C403E019250FA00099FAFD /* Products */ = {
			isa = PBXGroup;
			children = (
				50C403DF19250FA00099FAFD /* EasyLife.app */,
				50C403FA19250FA00099FAFD /* EasyLifeTests.xctest */,
			);
			name = Products;
			sourceTree = "<group>";
		};
		50C403E119250FA00099FAFD /* Frameworks */ = {
			isa = PBXGroup;
			children = (
				50C4043D192514EA0099FAFD /* libstdc++.6.0.9.dylib */,
				50C4043B192514E40099FAFD /* MapKit.framework */,
				50C40439192514C40099FAFD /* CoreLocation.framework */,
				50C40434192511AC0099FAFD /* opencv2.framework */,
				50C40432192511A40099FAFD /* TesseractOCR.framework */,
				50C403E219250FA00099FAFD /* Foundation.framework */,
				50C403E419250FA00099FAFD /* CoreGraphics.framework */,
				50C403E619250FA00099FAFD /* UIKit.framework */,
				50C403FB19250FA00099FAFD /* XCTest.framework */,
			);
			name = Frameworks;
			sourceTree = "<group>";
		};
		50C403E819250FA00099FAFD /* EasyLife */ = {
			isa = PBXGroup;
			children = (
				50C4041E192511400099FAFD /* tessdata */,
				50C40413192510880099FAFD /* Controllers */,
				50C40412192510820099FAFD /* Views */,
				50C40411192510790099FAFD /* Models */,
				50C403F419250FA00099FAFD /* Images.xcassets */,
				50C403E919250FA00099FAFD /* Supporting Files */,
			);
			path = EasyLife;
			sourceTree = "<group>";
		};
		50C403E919250FA00099FAFD /* Supporting Files */ = {
			isa = PBXGroup;
			children = (
				50C403F119250FA00099FAFD /* EasyLifeAppDelegate.h */,
				50C403F219250FA00099FAFD /* EasyLifeAppDelegate.m */,
				50C40436192511C50099FAFD /* DatabaseAvailability.h */,
				50C403EA19250FA00099FAFD /* EasyLife-Info.plist */,
				50C403EB19250FA00099FAFD /* InfoPlist.strings */,
				50C403EE19250FA00099FAFD /* main.m */,
				50C403F019250FA00099FAFD /* EasyLife-Prefix.pch */,
			);
			name = "Supporting Files";
			sourceTree = "<group>";
		};
		50C4040119250FA00099FAFD /* EasyLifeTests */ = {
			isa = PBXGroup;
			children = (
				50C4040719250FA00099FAFD /* EasyLifeTests.m */,
				50C4040219250FA00099FAFD /* Supporting Files */,
			);
			path = EasyLifeTests;
			sourceTree = "<group>";
		};
		50C4040219250FA00099FAFD /* Supporting Files */ = {
			isa = PBXGroup;
			children = (
				50C4040319250FA00099FAFD /* EasyLifeTests-Info.plist */,
				50C4040419250FA00099FAFD /* InfoPlist.strings */,
			);
			name = "Supporting Files";
			sourceTree = "<group>";
		};
		50C40411192510790099FAFD /* Models */ = {
			isa = PBXGroup;
			children = (
				50EB008319555FFE009C346D /* UIColor+MLPFlatColors.h */,
				50EB008419555FFE009C346D /* UIColor+MLPFlatColors.m */,
				50C1A69E19267C3400525552 /* UIImage+OpenCV.h */,
				50C1A69F19267C3400525552 /* UIImage+OpenCV.mm */,
				50C40418192511210099FAFD /* Record+Annotation.h */,
				50C40419192511210099FAFD /* Record+Annotation.m */,
				50C4041A192511210099FAFD /* Xpence.xcdatamodel */,
				50EB008019541F7D009C346D /* Record.h */,
				50EB008119541F7D009C346D /* Record.m */,
			);
			name = Models;
			sourceTree = "<group>";
		};
		50C40412192510820099FAFD /* Views */ = {
			isa = PBXGroup;
			children = (
				50C40414192510B00099FAFD /* iPhone.storyboard */,
			);
			name = Views;
			sourceTree = "<group>";
		};
		50C40413192510880099FAFD /* Controllers */ = {
			isa = PBXGroup;
			children = (
				50C40420192511540099FAFD /* TipsCalViewController.h */,
				50C40421192511540099FAFD /* TipsCalViewController.mm */,
				50C40422192511540099FAFD /* TipsResultViewController.h */,
				50C40423192511540099FAFD /* TipsResultViewController.m */,
				50C40424192511540099FAFD /* SharedResultViewController.h */,
				50C40425192511540099FAFD /* SharedResultViewController.m */,
				50C40426192511540099FAFD /* RecordViewController.h */,
				50C40427192511540099FAFD /* RecordViewController.m */,
				50C40428192511540099FAFD /* SingleRecordMapViewController.h */,
				50C40429192511540099FAFD /* SingleRecordMapViewController.m */,
				50C4042A192511540099FAFD /* RecordMapViewController.h */,
				50C4042B192511540099FAFD /* RecordMapViewController.m */,
				50EB007D1952EEA7009C346D /* DividerViewController.h */,
				50EB007E1952EEA7009C346D /* DividerViewController.m */,
			);
			name = Controllers;
			sourceTree = "<group>";
		};
/* End PBXGroup section */

/* Begin PBXNativeTarget section */
		50C403DE19250FA00099FAFD /* EasyLife */ = {
			isa = PBXNativeTarget;
			buildConfigurationList = 50C4040B19250FA00099FAFD /* Build configuration list for PBXNativeTarget "EasyLife" */;
			buildPhases = (
				50C403DB19250FA00099FAFD /* Sources */,
				50C403DC19250FA00099FAFD /* Frameworks */,
				50C403DD19250FA00099FAFD /* Resources */,
			);
			buildRules = (
			);
			dependencies = (
			);
			name = EasyLife;
			productName = EasyLife;
			productReference = 50C403DF19250FA00099FAFD /* EasyLife.app */;
			productType = "com.apple.product-type.application";
		};
		50C403F919250FA00099FAFD /* EasyLifeTests */ = {
			isa = PBXNativeTarget;
			buildConfigurationList = 50C4040E19250FA00099FAFD /* Build configuration list for PBXNativeTarget "EasyLifeTests" */;
			buildPhases = (
				50C403F619250FA00099FAFD /* Sources */,
				50C403F719250FA00099FAFD /* Frameworks */,
				50C403F819250FA00099FAFD /* Resources */,
			);
			buildRules = (
			);
			dependencies = (
				50C4040019250FA00099FAFD /* PBXTargetDependency */,
			);
			name = EasyLifeTests;
			productName = EasyLifeTests;
			productReference = 50C403FA19250FA00099FAFD /* EasyLifeTests.xctest */;
			productType = "com.apple.product-type.bundle.unit-test";
		};
/* End PBXNativeTarget section */

/* Begin PBXProject section */
		50C403D719250FA00099FAFD /* Project object */ = {
			isa = PBXProject;
			attributes = {
				CLASSPREFIX = EasyLife;
				LastUpgradeCheck = 0510;
				ORGANIZATIONNAME = Albert;
				TargetAttributes = {
					50C403DE19250FA00099FAFD = {
						DevelopmentTeam = 84TB9682NH;
					};
					50C403F919250FA00099FAFD = {
						TestTargetID = 50C403DE19250FA00099FAFD;
					};
				};
			};
			buildConfigurationList = 50C403DA19250FA00099FAFD /* Build configuration list for PBXProject "EasyLife" */;
			compatibilityVersion = "Xcode 3.2";
			developmentRegion = English;
			hasScannedForEncodings = 0;
			knownRegions = (
				en,
			);
			mainGroup = 50C403D619250FA00099FAFD;
			productRefGroup = 50C403E019250FA00099FAFD /* Products */;
			projectDirPath = "";
			projectRoot = "";
			targets = (
				50C403DE19250FA00099FAFD /* EasyLife */,
				50C403F919250FA00099FAFD /* EasyLifeTests */,
			);
		};
/* End PBXProject section */

/* Begin PBXResourcesBuildPhase section */
		50C403DD19250FA00099FAFD /* Resources */ = {
			isa = PBXResourcesBuildPhase;
			buildActionMask = 2147483647;
			files = (
				50C404431925188F0099FAFD /* InfoPlist.strings in Resources */,
				50C40442192518890099FAFD /* Images.xcassets in Resources */,
				50C40441192518810099FAFD /* tessdata in Resources */,
				50C4043F192518520099FAFD /* iPhone.storyboard in Resources */,
			);
			runOnlyForDeploymentPostprocessing = 0;
		};
		50C403F819250FA00099FAFD /* Resources */ = {
			isa = PBXResourcesBuildPhase;
			buildActionMask = 2147483647;
			files = (
			);
			runOnlyForDeploymentPostprocessing = 0;
		};
/* End PBXResourcesBuildPhase section */

/* Begin PBXSourcesBuildPhase section */
		50C403DB19250FA00099FAFD /* Sources */ = {
			isa = PBXSourcesBuildPhase;
			buildActionMask = 2147483647;
			files = (
				50C403F319250FA00099FAFD /* EasyLifeAppDelegate.m in Sources */,
				50C4042C192511540099FAFD /* TipsCalViewController.mm in Sources */,
				50EB008219541F7D009C346D /* Record.m in Sources */,
				50EB007F1952EEA7009C346D /* DividerViewController.m in Sources */,
				50C4042D192511540099FAFD /* TipsResultViewController.m in Sources */,
				50C40431192511540099FAFD /* RecordMapViewController.m in Sources */,
				50C4042E192511540099FAFD /* SharedResultViewController.m in Sources */,
				50C403EF19250FA00099FAFD /* main.m in Sources */,
				50C4042F192511540099FAFD /* RecordViewController.m in Sources */,
				50C4041C192511210099FAFD /* Record+Annotation.m in Sources */,
				50EB008519555FFE009C346D /* UIColor+MLPFlatColors.m in Sources */,
				50C40430192511540099FAFD /* SingleRecordMapViewController.m in Sources */,
				50C1A6A019267C3400525552 /* UIImage+OpenCV.mm in Sources */,
				50C4041D192511210099FAFD /* Xpence.xcdatamodel in Sources */,
			);
			runOnlyForDeploymentPostprocessing = 0;
		};
		50C403F619250FA00099FAFD /* Sources */ = {
			isa = PBXSourcesBuildPhase;
			buildActionMask = 2147483647;
			files = (
				50EB008619555FFE009C346D /* UIColor+MLPFlatColors.m in Sources */,
				50C4040819250FA00099FAFD /* EasyLifeTests.m in Sources */,
			);
			runOnlyForDeploymentPostprocessing = 0;
		};
/* End PBXSourcesBuildPhase section */

/* Begin PBXTargetDependency section */
		50C4040019250FA00099FAFD /* PBXTargetDependency */ = {
			isa = PBXTargetDependency;
			target = 50C403DE19250FA00099FAFD /* EasyLife */;
			targetProxy = 50C403FF19250FA00099FAFD /* PBXContainerItemProxy */;
		};
/* End PBXTargetDependency section */

/* Begin PBXVariantGroup section */
		50C403EB19250FA00099FAFD /* InfoPlist.strings */ = {
			isa = PBXVariantGroup;
			children = (
				50C403EC19250FA00099FAFD /* en */,
			);
			name = InfoPlist.strings;
			sourceTree = "<group>";
		};
		50C4040419250FA00099FAFD /* InfoPlist.strings */ = {
			isa = PBXVariantGroup;
			children = (
				50C4040519250FA00099FAFD /* en */,
			);
			name = InfoPlist.strings;
			sourceTree = "<group>";
		};
/* End PBXVariantGroup section */

/* Begin XCBuildConfiguration section */
		50C4040919250FA00099FAFD /* Debug */ = {
			isa = XCBuildConfiguration;
			buildSettings = {
				ALWAYS_SEARCH_USER_PATHS = NO;
				CLANG_CXX_LANGUAGE_STANDARD = "gnu++0x";
				CLANG_CXX_LIBRARY = "compiler-default";
				CLANG_ENABLE_MODULES = YES;
				CLANG_ENABLE_OBJC_ARC = YES;
				CLANG_WARN_BOOL_CONVERSION = YES;
				CLANG_WARN_CONSTANT_CONVERSION = YES;
				CLANG_WARN_DIRECT_OBJC_ISA_USAGE = YES_ERROR;
				CLANG_WARN_EMPTY_BODY = YES;
				CLANG_WARN_ENUM_CONVERSION = YES;
				CLANG_WARN_INT_CONVERSION = YES;
				CLANG_WARN_OBJC_ROOT_CLASS = YES_ERROR;
				CLANG_WARN__DUPLICATE_METHOD_MATCH = YES;
				"CODE_SIGN_IDENTITY[sdk=iphoneos*]" = "iPhone Developer";
				COPY_PHASE_STRIP = NO;
				GCC_C_LANGUAGE_STANDARD = gnu99;
				GCC_DYNAMIC_NO_PIC = NO;
				GCC_OPTIMIZATION_LEVEL = 0;
				GCC_PREPROCESSOR_DEFINITIONS = (
					"DEBUG=1",
					"$(inherited)",
				);
				GCC_SYMBOLS_PRIVATE_EXTERN = NO;
				GCC_WARN_64_TO_32_BIT_CONVERSION = YES;
				GCC_WARN_ABOUT_RETURN_TYPE = YES_ERROR;
				GCC_WARN_UNDECLARED_SELECTOR = YES;
				GCC_WARN_UNINITIALIZED_AUTOS = YES_AGGRESSIVE;
				GCC_WARN_UNUSED_FUNCTION = YES;
				GCC_WARN_UNUSED_VARIABLE = YES;
				IPHONEOS_DEPLOYMENT_TARGET = 7.1;
				ONLY_ACTIVE_ARCH = YES;
				OTHER_LDFLAGS = "-lstdc++";
				SDKROOT = iphoneos;
				TARGETED_DEVICE_FAMILY = "1,2";
			};
			name = Debug;
		};
		50C4040A19250FA00099FAFD /* Release */ = {
			isa = XCBuildConfiguration;
			buildSettings = {
				ALWAYS_SEARCH_USER_PATHS = NO;
				CLANG_CXX_LANGUAGE_STANDARD = "gnu++0x";
				CLANG_CXX_LIBRARY = "compiler-default";
				CLANG_ENABLE_MODULES = YES;
				CLANG_ENABLE_OBJC_ARC = YES;
				CLANG_WARN_BOOL_CONVERSION = YES;
				CLANG_WARN_CONSTANT_CONVERSION = YES;
				CLANG_WARN_DIRECT_OBJC_ISA_USAGE = YES_ERROR;
				CLANG_WARN_EMPTY_BODY = YES;
				CLANG_WARN_ENUM_CONVERSION = YES;
				CLANG_WARN_INT_CONVERSION = YES;
				CLANG_WARN_OBJC_ROOT_CLASS = YES_ERROR;
				CLANG_WARN__DUPLICATE_METHOD_MATCH = YES;
				"CODE_SIGN_IDENTITY[sdk=iphoneos*]" = "iPhone Developer";
				COPY_PHASE_STRIP = YES;
				ENABLE_NS_ASSERTIONS = NO;
				GCC_C_LANGUAGE_STANDARD = gnu99;
				GCC_WARN_64_TO_32_BIT_CONVERSION = YES;
				GCC_WARN_ABOUT_RETURN_TYPE = YES_ERROR;
				GCC_WARN_UNDECLARED_SELECTOR = YES;
				GCC_WARN_UNINITIALIZED_AUTOS = YES_AGGRESSIVE;
				GCC_WARN_UNUSED_FUNCTION = YES;
				GCC_WARN_UNUSED_VARIABLE = YES;
				IPHONEOS_DEPLOYMENT_TARGET = 7.1;
				OTHER_LDFLAGS = "-lstdc++";
				SDKROOT = iphoneos;
				TARGETED_DEVICE_FAMILY = "1,2";
				VALIDATE_PRODUCT = YES;
			};
			name = Release;
		};
		50C4040C19250FA00099FAFD /* Debug */ = {
			isa = XCBuildConfiguration;
			buildSettings = {
				ASSETCATALOG_COMPILER_APPICON_NAME = AppIcon;
				ASSETCATALOG_COMPILER_LAUNCHIMAGE_NAME = LaunchImage;
				CODE_SIGN_IDENTITY = "iPhone Developer: Tong Ge (H62H5U5U6H)";
				"CODE_SIGN_IDENTITY[sdk=iphoneos*]" = "iPhone Developer";
				FRAMEWORK_SEARCH_PATHS = (
					"$(inherited)",
					"$(PROJECT_DIR)",
				);
				GCC_PRECOMPILE_PREFIX_HEADER = YES;
				GCC_PREFIX_HEADER = "EasyLife/EasyLife-Prefix.pch";
				INFOPLIST_FILE = "EasyLife/EasyLife-Info.plist";
				PRODUCT_NAME = "$(TARGET_NAME)";
				PROVISIONING_PROFILE = "";
				TARGETED_DEVICE_FAMILY = 1;
				WRAPPER_EXTENSION = app;
			};
			name = Debug;
		};
		50C4040D19250FA00099FAFD /* Release */ = {
			isa = XCBuildConfiguration;
			buildSettings = {
				ASSETCATALOG_COMPILER_APPICON_NAME = AppIcon;
				ASSETCATALOG_COMPILER_LAUNCHIMAGE_NAME = LaunchImage;
				CODE_SIGN_IDENTITY = "iPhone Developer: Tong Ge (H62H5U5U6H)";
				"CODE_SIGN_IDENTITY[sdk=iphoneos*]" = "iPhone Developer";
				FRAMEWORK_SEARCH_PATHS = (
					"$(inherited)",
					"$(PROJECT_DIR)",
				);
				GCC_PRECOMPILE_PREFIX_HEADER = YES;
				GCC_PREFIX_HEADER = "EasyLife/EasyLife-Prefix.pch";
				INFOPLIST_FILE = "EasyLife/EasyLife-Info.plist";
				PRODUCT_NAME = "$(TARGET_NAME)";
				PROVISIONING_PROFILE = "";
				TARGETED_DEVICE_FAMILY = 1;
				WRAPPER_EXTENSION = app;
			};
			name = Release;
		};
		50C4040F19250FA00099FAFD /* Debug */ = {
			isa = XCBuildConfiguration;
			buildSettings = {
				BUNDLE_LOADER = "$(BUILT_PRODUCTS_DIR)/EasyLife.app/EasyLife";
				FRAMEWORK_SEARCH_PATHS = (
					"$(SDKROOT)/Developer/Library/Frameworks",
					"$(inherited)",
					"$(DEVELOPER_FRAMEWORKS_DIR)",
				);
				GCC_PRECOMPILE_PREFIX_HEADER = YES;
				GCC_PREFIX_HEADER = "EasyLife/EasyLife-Prefix.pch";
				GCC_PREPROCESSOR_DEFINITIONS = (
					"DEBUG=1",
					"$(inherited)",
				);
				INFOPLIST_FILE = "EasyLifeTests/EasyLifeTests-Info.plist";
				PRODUCT_NAME = "$(TARGET_NAME)";
				TEST_HOST = "$(BUNDLE_LOADER)";
				WRAPPER_EXTENSION = xctest;
			};
			name = Debug;
		};
		50C4041019250FA00099FAFD /* Release */ = {
			isa = XCBuildConfiguration;
			buildSettings = {
				BUNDLE_LOADER = "$(BUILT_PRODUCTS_DIR)/EasyLife.app/EasyLife";
				FRAMEWORK_SEARCH_PATHS = (
					"$(SDKROOT)/Developer/Library/Frameworks",
					"$(inherited)",
					"$(DEVELOPER_FRAMEWORKS_DIR)",
				);
				GCC_PRECOMPILE_PREFIX_HEADER = YES;
				GCC_PREFIX_HEADER = "EasyLife/EasyLife-Prefix.pch";
				INFOPLIST_FILE = "EasyLifeTests/EasyLifeTests-Info.plist";
				PRODUCT_NAME = "$(TARGET_NAME)";
				TEST_HOST = "$(BUNDLE_LOADER)";
				WRAPPER_EXTENSION = xctest;
			};
			name = Release;
		};
/* End XCBuildConfiguration section */

/* Begin XCConfigurationList section */
		50C403DA19250FA00099FAFD /* Build configuration list for PBXProject "EasyLife" */ = {
			isa = XCConfigurationList;
			buildConfigurations = (
				50C4040919250FA00099FAFD /* Debug */,
				50C4040A19250FA00099FAFD /* Release */,
			);
			defaultConfigurationIsVisible = 0;
			defaultConfigurationName = Release;
		};
		50C4040B19250FA00099FAFD /* Build configuration list for PBXNativeTarget "EasyLife" */ = {
			isa = XCConfigurationList;
			buildConfigurations = (
				50C4040C19250FA00099FAFD /* Debug */,
				50C4040D19250FA00099FAFD /* Release */,
			);
			defaultConfigurationIsVisible = 0;
			defaultConfigurationName = Release;
		};
		50C4040E19250FA00099FAFD /* Build configuration list for PBXNativeTarget "EasyLifeTests" */ = {
			isa = XCConfigurationList;
			buildConfigurations = (
				50C4040F19250FA00099FAFD /* Debug */,
				50C4041019250FA00099FAFD /* Release */,
			);
			defaultConfigurationIsVisible = 0;
			defaultConfigurationName = Release;
		};
/* End XCConfigurationList section */
	};
	rootObject = 50C403D719250FA00099FAFD /* Project object */;
}
